<?xml version="1.0" encoding="UTF-8" standalone="yes" ?>
<CodeBlocks_project_file>
	<FileVersion major="1" minor="6" />
	<Project>
		<Option title="some-rpg" />
		<Option pch_mode="2" />
		<Option compiler="gcc" />
		<Build>
			<Target title="Debug">
				<Option output="bin/Debug/some-rpg" prefix_auto="1" extension_auto="1" />
				<Option object_output="obj/Debug/" />
				<Option type="1" />
				<Option compiler="gcc" />
				<Compiler>
					<Add option="-g" />
					<Add option="-D__unix__" />
				</Compiler>
			</Target>
			<Target title="Release">
				<Option output="bin/Release/some-rpg" prefix_auto="1" extension_auto="1" />
				<Option object_output="obj/Release/" />
				<Option type="1" />
				<Option compiler="gcc" />
				<Compiler>
					<Add option="-O2" />
				</Compiler>
				<Linker>
					<Add option="-s" />
				</Linker>
			</Target>
		</Build>
		<Compiler>
			<Add option="-Wall" />
			<Add option="-std=gnu++17" />
			<Add option="-D__unix__" />
		</Compiler>
		<Linker>
			<Add option="-lncurses" />
		</Linker>
		<Unit filename="src/game.cpp" />
		<Unit filename="src/game.h" />
		<Unit filename="src/game/ability.h" />
		<Unit filename="src/game/behaviour.h" />
		<Unit filename="src/game/behaviourcontroller.h" />
		<Unit filename="src/game/biome.h" />
		<Unit filename="src/game/entity.h" />
		<Unit filename="src/game/item.h" />
		<Unit filename="src/game/player.h" />
		<Unit filename="src/game/serializable.h" />
		<Unit filename="src/game/stat.h" />
		<Unit filename="src/game/statmod.h" />
		<Unit filename="src/game/statusfx.h" />
		<Unit filename="src/game/uidgen.h" />
		<Unit filename="src/gamepackage.h" />
		<Unit filename="src/main.cpp" />
		<Unit filename="src/syswrap.cpp" />
		<Unit filename="src/syswrap.h" />
		<Extensions>
			<lib_finder disable_auto="1" />
		</Extensions>
	</Project>
</CodeBlocks_project_file>
